# generated by rye
# use `rye lock` or `rye sync` to update this lockfile
#
# last locked with the following flags:
#   pre: false
#   features: []
#   all-features: false
#   with-sources: false
#   generate-hashes: false
#   universal: false

-e file:.
aiohappyeyeballs==2.4.0
    # via aiohttp
aiohttp==3.10.5
    # via datasets
    # via fsspec
    # via langchain
    # via langchain-community
    # via open-webui
aiosignal==1.3.1
    # via aiohttp
alembic==1.13.2
    # via open-webui
annotated-types==0.7.0
    # via pydantic
anthropic==0.34.2
    # via open-webui
anyio==4.6.0
    # via anthropic
    # via httpx
    # via langfuse
    # via openai
    # via starlette
    # via watchfiles
apscheduler==3.10.4
    # via open-webui
argon2-cffi==23.1.0
    # via open-webui
argon2-cffi-bindings==21.2.0
    # via argon2-cffi
asgiref==3.8.1
    # via opentelemetry-instrumentation-asgi
attrs==24.2.0
    # via aiohttp
    # via pytest-docker
authlib==1.3.2
    # via open-webui
av==12.3.0
    # via faster-whisper
backoff==2.2.1
    # via langfuse
    # via posthog
    # via unstructured
bcrypt==4.2.0
    # via chromadb
    # via open-webui
    # via passlib
beautifulsoup4==4.12.3
    # via extract-msg
    # via unstructured
bidict==0.23.1
    # via python-socketio
bitarray==2.9.2
    # via colbert-ai
black==24.8.0
    # via open-webui
blinker==1.8.2
    # via flask
boto3==1.35.0
    # via open-webui
botocore==1.35.26
    # via boto3
    # via s3transfer
build==1.2.2
    # via chromadb
cachetools==5.5.0
    # via google-auth
certifi==2024.8.30
    # via httpcore
    # via httpx
    # via kubernetes
    # via requests
    # via unstructured-client
cffi==1.17.1
    # via argon2-cffi-bindings
    # via cryptography
chardet==5.2.0
    # via unstructured
charset-normalizer==3.3.2
    # via requests
    # via unstructured-client
chroma-hnswlib==0.7.6
    # via chromadb
chromadb==0.5.5
    # via langchain-chroma
    # via open-webui
click==8.1.7
    # via black
    # via duckduckgo-search
    # via flask
    # via nltk
    # via peewee-migrate
    # via python-oxmsg
    # via typer
    # via uvicorn
colbert-ai==0.2.21
    # via open-webui
colorclass==2.2.2
    # via oletools
coloredlogs==15.0.1
    # via onnxruntime
compressed-rtf==1.0.6
    # via extract-msg
cryptography==43.0.1
    # via authlib
    # via msoffcrypto-tool
    # via pyjwt
    # via unstructured-client
ctranslate2==4.4.0
    # via faster-whisper
dataclasses-json==0.6.7
    # via langchain-community
    # via unstructured
    # via unstructured-client
datasets==3.0.0
    # via colbert-ai
deepdiff==8.0.1
    # via unstructured-client
defusedxml==0.7.1
    # via fpdf2
deprecated==1.2.14
    # via opentelemetry-api
    # via opentelemetry-exporter-otlp-proto-grpc
    # via opentelemetry-semantic-conventions
dill==0.3.8
    # via datasets
    # via multiprocess
distro==1.9.0
    # via anthropic
    # via openai
dnspython==2.6.1
    # via email-validator
    # via pymongo
docker==7.1.0
    # via open-webui
docx2txt==0.8
    # via open-webui
duckduckgo-search==6.2.13
    # via open-webui
durationpy==0.7
    # via kubernetes
easygui==0.98.3
    # via oletools
ebcdic==1.1.1
    # via extract-msg
ecdsa==0.19.0
    # via python-jose
einops==0.8.0
    # via open-webui
email-validator==2.2.0
    # via fastapi
emoji==2.13.2
    # via unstructured
environs==9.5.0
    # via pymilvus
et-xmlfile==1.1.0
    # via openpyxl
extract-msg==0.49.0
    # via open-webui
fake-useragent==1.5.1
    # via open-webui
fastapi==0.111.0
    # via chromadb
    # via langchain-chroma
    # via open-webui
fastapi-cli==0.0.5
    # via fastapi
faster-whisper==1.0.3
    # via open-webui
filelock==3.16.1
    # via datasets
    # via huggingface-hub
    # via torch
    # via transformers
    # via triton
filetype==1.2.0
    # via unstructured
flask==3.0.3
    # via colbert-ai
    # via flask-cors
    # via open-webui
flask-cors==5.0.0
    # via open-webui
flatbuffers==24.3.25
    # via onnxruntime
fonttools==4.54.1
    # via fpdf2
fpdf2==2.7.9
    # via open-webui
frozenlist==1.4.1
    # via aiohttp
    # via aiosignal
fsspec==2024.6.1
    # via datasets
    # via huggingface-hub
    # via torch
git-python==1.0.3
    # via colbert-ai
gitdb==4.0.11
    # via gitpython
gitpython==3.1.43
    # via git-python
google-ai-generativelanguage==0.6.6
    # via google-generativeai
google-api-core==2.20.0
    # via google-ai-generativelanguage
    # via google-api-python-client
    # via google-generativeai
google-api-python-client==2.147.0
    # via google-generativeai
google-auth==2.35.0
    # via google-ai-generativelanguage
    # via google-api-core
    # via google-api-python-client
    # via google-auth-httplib2
    # via google-generativeai
    # via kubernetes
google-auth-httplib2==0.2.0
    # via google-api-python-client
google-generativeai==0.7.2
    # via open-webui
googleapis-common-protos==1.65.0
    # via google-api-core
    # via grpcio-status
    # via opentelemetry-exporter-otlp-proto-grpc
greenlet==3.1.1
    # via sqlalchemy
grpcio==1.66.1
    # via chromadb
    # via google-api-core
    # via grpcio-status
    # via grpcio-tools
    # via opentelemetry-exporter-otlp-proto-grpc
    # via pymilvus
    # via qdrant-client
grpcio-status==1.62.3
    # via google-api-core
grpcio-tools==1.62.3
    # via qdrant-client
h11==0.14.0
    # via httpcore
    # via uvicorn
    # via wsproto
h2==4.1.0
    # via httpx
hpack==4.0.0
    # via h2
httpcore==1.0.5
    # via httpx
httplib2==0.22.0
    # via google-api-python-client
    # via google-auth-httplib2
httptools==0.6.1
    # via uvicorn
httpx==0.27.2
    # via anthropic
    # via chromadb
    # via fastapi
    # via langfuse
    # via langsmith
    # via openai
    # via qdrant-client
    # via unstructured-client
huggingface-hub==0.25.1
    # via datasets
    # via faster-whisper
    # via sentence-transformers
    # via tokenizers
    # via transformers
humanfriendly==10.0
    # via coloredlogs
hyperframe==6.0.1
    # via h2
idna==3.10
    # via anyio
    # via email-validator
    # via httpx
    # via langfuse
    # via requests
    # via unstructured-client
    # via yarl
importlib-metadata==8.4.0
    # via opentelemetry-api
importlib-resources==6.4.5
    # via chromadb
iniconfig==2.0.0
    # via pytest
itsdangerous==2.2.0
    # via flask
jinja2==3.1.4
    # via fastapi
    # via flask
    # via torch
jiter==0.5.0
    # via anthropic
    # via openai
jmespath==1.0.1
    # via boto3
    # via botocore
joblib==1.4.2
    # via nltk
    # via scikit-learn
jsonpatch==1.33
    # via langchain-core
jsonpath-python==1.0.6
    # via unstructured-client
jsonpointer==3.0.0
    # via jsonpatch
kubernetes==31.0.0
    # via chromadb
langchain==0.2.15
    # via langchain-community
    # via open-webui
langchain-chroma==0.1.2
    # via open-webui
langchain-community==0.2.12
    # via open-webui
langchain-core==0.2.41
    # via langchain
    # via langchain-chroma
    # via langchain-community
    # via langchain-text-splitters
langchain-text-splitters==0.2.4
    # via langchain
langdetect==1.0.9
    # via unstructured
langfuse==2.44.0
    # via open-webui
langsmith==0.1.128
    # via langchain
    # via langchain-community
    # via langchain-core
lark==1.1.9
    # via rtfde
lxml==5.3.0
    # via python-pptx
    # via unstructured
mako==1.3.5
    # via alembic
markdown==3.7
    # via open-webui
markdown-it-py==3.0.0
    # via rich
markupsafe==2.1.5
    # via jinja2
    # via mako
    # via werkzeug
marshmallow==3.22.0
    # via dataclasses-json
    # via environs
    # via unstructured-client
mdurl==0.1.2
    # via markdown-it-py
milvus-lite==2.4.10
    # via pymilvus
mmh3==5.0.1
    # via chromadb
monotonic==1.6
    # via posthog
mpmath==1.3.0
    # via sympy
msoffcrypto-tool==5.4.2
    # via oletools
multidict==6.1.0
    # via aiohttp
    # via yarl
multiprocess==0.70.16
    # via datasets
mypy-extensions==1.0.0
    # via black
    # via typing-inspect
    # via unstructured-client
nest-asyncio==1.6.0
    # via unstructured-client
networkx==3.3
    # via torch
ninja==1.11.1.1
    # via colbert-ai
nltk==3.9.1
    # via open-webui
    # via unstructured
numpy==1.26.4
    # via chroma-hnswlib
    # via chromadb
    # via ctranslate2
    # via datasets
    # via langchain
    # via langchain-chroma
    # via langchain-community
    # via onnxruntime
    # via opencv-python
    # via opencv-python-headless
    # via pandas
    # via pyarrow
    # via qdrant-client
    # via rank-bm25
    # via rapidocr-onnxruntime
    # via scikit-learn
    # via scipy
    # via sentence-transformers
    # via shapely
    # via transformers
    # via unstructured
nvidia-cublas-cu12==12.1.3.1
    # via nvidia-cudnn-cu12
    # via nvidia-cusolver-cu12
    # via torch
nvidia-cuda-cupti-cu12==12.1.105
    # via torch
nvidia-cuda-nvrtc-cu12==12.1.105
    # via torch
nvidia-cuda-runtime-cu12==12.1.105
    # via torch
nvidia-cudnn-cu12==9.1.0.70
    # via torch
nvidia-cufft-cu12==11.0.2.54
    # via torch
nvidia-curand-cu12==10.3.2.106
    # via torch
nvidia-cusolver-cu12==11.4.5.107
    # via torch
nvidia-cusparse-cu12==12.1.0.106
    # via nvidia-cusolver-cu12
    # via torch
nvidia-nccl-cu12==2.20.5
    # via torch
nvidia-nvjitlink-cu12==12.6.68
    # via nvidia-cusolver-cu12
    # via nvidia-cusparse-cu12
nvidia-nvtx-cu12==12.1.105
    # via torch
oauthlib==3.2.2
    # via kubernetes
    # via requests-oauthlib
olefile==0.47
    # via extract-msg
    # via msoffcrypto-tool
    # via oletools
    # via python-oxmsg
oletools==0.60.2
    # via pcodedmp
    # via rtfde
onnxruntime==1.19.2
    # via chromadb
    # via faster-whisper
    # via rapidocr-onnxruntime
openai==1.47.1
    # via open-webui
opencv-python==4.10.0.84
    # via rapidocr-onnxruntime
opencv-python-headless==4.10.0.84
    # via open-webui
openpyxl==3.1.5
    # via open-webui
opentelemetry-api==1.27.0
    # via chromadb
    # via opentelemetry-exporter-otlp-proto-grpc
    # via opentelemetry-instrumentation
    # via opentelemetry-instrumentation-asgi
    # via opentelemetry-instrumentation-fastapi
    # via opentelemetry-sdk
    # via opentelemetry-semantic-conventions
opentelemetry-exporter-otlp-proto-common==1.27.0
    # via opentelemetry-exporter-otlp-proto-grpc
opentelemetry-exporter-otlp-proto-grpc==1.27.0
    # via chromadb
opentelemetry-instrumentation==0.48b0
    # via opentelemetry-instrumentation-asgi
    # via opentelemetry-instrumentation-fastapi
opentelemetry-instrumentation-asgi==0.48b0
    # via opentelemetry-instrumentation-fastapi
opentelemetry-instrumentation-fastapi==0.48b0
    # via chromadb
opentelemetry-proto==1.27.0
    # via opentelemetry-exporter-otlp-proto-common
    # via opentelemetry-exporter-otlp-proto-grpc
opentelemetry-sdk==1.27.0
    # via chromadb
    # via opentelemetry-exporter-otlp-proto-grpc
opentelemetry-semantic-conventions==0.48b0
    # via opentelemetry-instrumentation-asgi
    # via opentelemetry-instrumentation-fastapi
    # via opentelemetry-sdk
opentelemetry-util-http==0.48b0
    # via opentelemetry-instrumentation-asgi
    # via opentelemetry-instrumentation-fastapi
orderly-set==5.2.2
    # via deepdiff
orjson==3.10.7
    # via chromadb
    # via fastapi
    # via langsmith
overrides==7.7.0
    # via chromadb
packaging==23.2
    # via black
    # via build
    # via datasets
    # via huggingface-hub
    # via langchain-core
    # via langfuse
    # via marshmallow
    # via onnxruntime
    # via pytest
    # via transformers
    # via unstructured-client
pandas==2.2.2
    # via datasets
    # via open-webui
    # via pymilvus
passlib==1.7.4
    # via open-webui
pathspec==0.12.1
    # via black
pcodedmp==1.2.6
    # via oletools
peewee==3.17.6
    # via open-webui
    # via peewee-migrate
peewee-migrate==1.12.2
    # via open-webui
pillow==10.4.0
    # via fpdf2
    # via python-pptx
    # via rapidocr-onnxruntime
    # via sentence-transformers
platformdirs==4.3.6
    # via black
pluggy==1.5.0
    # via pytest
portalocker==2.10.1
    # via qdrant-client
posthog==3.6.6
    # via chromadb
primp==0.6.3
    # via duckduckgo-search
proto-plus==1.24.0
    # via google-ai-generativelanguage
    # via google-api-core
protobuf==4.25.5
    # via google-ai-generativelanguage
    # via google-api-core
    # via google-generativeai
    # via googleapis-common-protos
    # via grpcio-status
    # via grpcio-tools
    # via onnxruntime
    # via opentelemetry-proto
    # via proto-plus
    # via pymilvus
psutil==6.0.0
    # via open-webui
    # via unstructured
psycopg2-binary==2.9.9
    # via open-webui
pyarrow==17.0.0
    # via datasets
pyasn1==0.6.1
    # via pyasn1-modules
    # via python-jose
    # via rsa
pyasn1-modules==0.4.1
    # via google-auth
pyclipper==1.3.0.post5
    # via rapidocr-onnxruntime
pycparser==2.22
    # via cffi
pydantic==2.8.2
    # via anthropic
    # via chromadb
    # via fastapi
    # via google-generativeai
    # via langchain
    # via langchain-core
    # via langfuse
    # via langsmith
    # via open-webui
    # via openai
    # via qdrant-client
pydantic-core==2.20.1
    # via pydantic
pydub==0.25.1
    # via open-webui
pygments==2.18.0
    # via rich
pyjwt==2.9.0
    # via open-webui
pymilvus==2.4.6
    # via open-webui
pymongo==4.9.1
    # via open-webui
pymysql==1.1.1
    # via open-webui
pypandoc==1.13
    # via open-webui
pyparsing==3.1.4
    # via httplib2
    # via oletools
pypdf==4.3.1
    # via open-webui
    # via unstructured-client
pypika==0.48.9
    # via chromadb
pyproject-hooks==1.1.0
    # via build
pytest==8.2.2
    # via open-webui
    # via pytest-docker
pytest-docker==3.1.1
    # via open-webui
python-dateutil==2.9.0.post0
    # via botocore
    # via kubernetes
    # via pandas
    # via posthog
    # via unstructured-client
python-dotenv==1.0.1
    # via colbert-ai
    # via environs
    # via uvicorn
python-engineio==4.9.1
    # via python-socketio
python-iso639==2024.4.27
    # via unstructured
python-jose==3.3.0
    # via open-webui
python-magic==0.4.27
    # via unstructured
python-multipart==0.0.9
    # via fastapi
    # via open-webui
python-oxmsg==0.0.1
    # via unstructured
python-pptx==1.0.0
    # via open-webui
python-socketio==5.11.3
    # via open-webui
pytube==15.0.0
    # via open-webui
pytz==2024.2
    # via apscheduler
    # via pandas
pyxlsb==1.0.10
    # via open-webui
pyyaml==6.0.2
    # via chromadb
    # via ctranslate2
    # via datasets
    # via huggingface-hub
    # via kubernetes
    # via langchain
    # via langchain-community
    # via langchain-core
    # via rapidocr-onnxruntime
    # via transformers
    # via uvicorn
qdrant-client==1.11.3
    # via open-webui
rank-bm25==0.2.2
    # via open-webui
rapidfuzz==3.10.0
    # via unstructured
rapidocr-onnxruntime==1.3.24
    # via open-webui
red-black-tree-mod==1.20
    # via extract-msg
redis==5.0.8
    # via open-webui
regex==2024.9.11
    # via nltk
    # via tiktoken
    # via transformers
requests==2.32.3
    # via datasets
    # via docker
    # via google-api-core
    # via huggingface-hub
    # via kubernetes
    # via langchain
    # via langchain-community
    # via langsmith
    # via open-webui
    # via posthog
    # via requests-oauthlib
    # via requests-toolbelt
    # via tiktoken
    # via transformers
    # via unstructured
    # via unstructured-client
    # via youtube-transcript-api
requests-oauthlib==2.0.0
    # via kubernetes
requests-toolbelt==1.0.0
    # via unstructured-client
rich==13.8.1
    # via typer
rsa==4.9
    # via google-auth
    # via python-jose
rtfde==0.1.2
    # via extract-msg
s3transfer==0.10.2
    # via boto3
safetensors==0.4.5
    # via transformers
scikit-learn==1.5.2
    # via sentence-transformers
scipy==1.14.1
    # via colbert-ai
    # via scikit-learn
    # via sentence-transformers
sentence-transformers==3.0.1
    # via open-webui
setuptools==75.1.0
    # via ctranslate2
    # via grpcio-tools
    # via opentelemetry-instrumentation
    # via pymilvus
shapely==2.0.6
    # via rapidocr-onnxruntime
shellingham==1.5.4
    # via typer
simple-websocket==1.0.0
    # via python-engineio
six==1.16.0
    # via apscheduler
    # via ecdsa
    # via kubernetes
    # via langdetect
    # via posthog
    # via python-dateutil
    # via rapidocr-onnxruntime
    # via unstructured-client
smmap==5.0.1
    # via gitdb
sniffio==1.3.1
    # via anthropic
    # via anyio
    # via httpx
    # via openai
soupsieve==2.6
    # via beautifulsoup4
sqlalchemy==2.0.32
    # via alembic
    # via langchain
    # via langchain-community
    # via open-webui
starlette==0.37.2
    # via fastapi
sympy==1.13.3
    # via onnxruntime
    # via torch
tabulate==0.9.0
    # via unstructured
tenacity==8.5.0
    # via chromadb
    # via langchain
    # via langchain-community
    # via langchain-core
threadpoolctl==3.5.0
    # via scikit-learn
tiktoken==0.7.0
    # via open-webui
tokenizers==0.19.1
    # via anthropic
    # via chromadb
    # via faster-whisper
    # via transformers
torch==2.4.1
    # via sentence-transformers
tqdm==4.66.5
    # via chromadb
    # via colbert-ai
    # via datasets
    # via google-generativeai
    # via huggingface-hub
    # via milvus-lite
    # via nltk
    # via openai
    # via sentence-transformers
    # via transformers
    # via unstructured
transformers==4.44.2
    # via colbert-ai
    # via sentence-transformers
triton==3.0.0
    # via torch
typer==0.12.5
    # via chromadb
    # via fastapi-cli
typing-extensions==4.12.2
    # via alembic
    # via anthropic
    # via chromadb
    # via fastapi
    # via google-generativeai
    # via huggingface-hub
    # via langchain-core
    # via openai
    # via opentelemetry-sdk
    # via pydantic
    # via pydantic-core
    # via python-oxmsg
    # via python-pptx
    # via sqlalchemy
    # via torch
    # via typer
    # via typing-inspect
    # via unstructured
    # via unstructured-client
typing-inspect==0.9.0
    # via dataclasses-json
    # via unstructured-client
tzdata==2024.2
    # via pandas
tzlocal==5.2
    # via apscheduler
    # via extract-msg
ujson==5.10.0
    # via colbert-ai
    # via fastapi
    # via pymilvus
unstructured==0.15.9
    # via open-webui
unstructured-client==0.25.9
    # via unstructured
uritemplate==4.1.1
    # via google-api-python-client
urllib3==2.2.3
    # via botocore
    # via docker
    # via kubernetes
    # via qdrant-client
    # via requests
    # via unstructured-client
uvicorn==0.30.6
    # via chromadb
    # via fastapi
    # via fastapi-cli
    # via open-webui
uvloop==0.20.0
    # via uvicorn
validators==0.33.0
    # via open-webui
watchfiles==0.24.0
    # via uvicorn
websocket-client==1.8.0
    # via kubernetes
websockets==13.1
    # via uvicorn
werkzeug==3.0.4
    # via flask
wrapt==1.16.0
    # via deprecated
    # via langfuse
    # via opentelemetry-instrumentation
    # via unstructured
wsproto==1.2.0
    # via simple-websocket
xlrd==2.0.1
    # via open-webui
xlsxwriter==3.2.0
    # via python-pptx
xxhash==3.5.0
    # via datasets
yarl==1.12.1
    # via aiohttp
youtube-transcript-api==0.6.2
    # via open-webui
zipp==3.20.2
    # via importlib-metadata
