  × Failed to build `pylibraft @ file:///home/zbrad/gh/raft/python/pylibraft`
  ├─▶ Failed to resolve requirements from `build-system.requires`
  ├─▶ No solution found when resolving: `rapids-build-backend>=0.4.0,
  │   <0.5.0`, `scikit-build-core[pyproject]>=0.11.0`, `cmake>=3.30.4`,
  │   `cuda-python>=13.0.1, <14.0`, `cython>=3.2.2`, `libraft-cu13>=0.0.0a0,
  │   ==26.6.*`, `librmm-cu13>=0.0.0a0, ==26.6.*`, `ninja`,
  │   `rmm-cu13>=0.0.0a0, ==26.6.*`
  ╰─▶ Because only libraft-cu13<=26.2.0 is available and you require
      libraft-cu13==26.6.*, we can conclude that your requirements are
      unsatisfiable.
